
Microsoft Visual Studio Solution File, Format Version 12.00
Project("{2150E333-8FDC-42A3-9474-1A3956D46DE8}") = "src", "src", "{C881F1A5-D47A-4933-B0DB-42ABF9D07954}"
EndProject
Project("{FAE04EC0-301F-11D3-BF4B-00C04F79EFBC}") = "Fermat.EventBus.Base", "src\Fermat.EventBus.Base\Fermat.EventBus.Base.csproj", "{6649F382-57BF-4497-A5F9-44CE3D06A200}"
EndProject
Global
	GlobalSection(SolutionConfigurationPlatforms) = preSolution
		Debug|Any CPU = Debug|Any CPU
		Release|Any CPU = Release|Any CPU
	EndGlobalSection
	GlobalSection(NestedProjects) = preSolution
		{6649F382-57BF-4497-A5F9-44CE3D06A200} = {C881F1A5-D47A-4933-B0DB-42ABF9D07954}
	EndGlobalSection
	GlobalSection(ProjectConfigurationPlatforms) = postSolution
		{6649F382-57BF-4497-A5F9-44CE3D06A200}.Debug|Any CPU.ActiveCfg = Debug|Any CPU
		{6649F382-57BF-4497-A5F9-44CE3D06A200}.Debug|Any CPU.Build.0 = Debug|Any CPU
		{6649F382-57BF-4497-A5F9-44CE3D06A200}.Release|Any CPU.ActiveCfg = Release|Any CPU
		{6649F382-57BF-4497-A5F9-44CE3D06A200}.Release|Any CPU.Build.0 = Release|Any CPU
	EndGlobalSection
EndGlobal
